
Microsoft Visual Studio Solution File, Format Version 12.00
# Visual Studio 15
VisualStudioVersion = 15.0.27703.2035
MinimumVisualStudioVersion = 10.0.40219.1
Project("{FAE04EC0-301F-11D3-BF4B-00C04F79EFBC}") = "TestTravis", "TestTravis\TestTravis.csproj", "{6907D63A-2D15-4FAA-B63B-06DCA202942F}"
EndProject
Global
	GlobalSection(SolutionConfigurationPlatforms) = preSolution
		Debug|Any CPU = Debug|Any CPU
		Release|Any CPU = Release|Any CPU
	EndGlobalSection
	GlobalSection(ProjectConfigurationPlatforms) = postSolution
		{6907D63A-2D15-4FAA-B63B-06DCA202942F}.Debug|Any CPU.ActiveCfg = Debug|Any CPU
		{6907D63A-2D15-4FAA-B63B-06DCA202942F}.Debug|Any CPU.Build.0 = Debug|Any CPU
		{6907D63A-2D15-4FAA-B63B-06DCA202942F}.Release|Any CPU.ActiveCfg = Release|Any CPU
		{6907D63A-2D15-4FAA-B63B-06DCA202942F}.Release|Any CPU.Build.0 = Release|Any CPU
	EndGlobalSection
	GlobalSection(SolutionProperties) = preSolution
		HideSolutionNode = FALSE
	EndGlobalSection
	GlobalSection(ExtensibilityGlobals) = postSolution
		SolutionGuid = {323E3D92-3834-4AAE-BA49-2C198C2667F6}
	EndGlobalSection
EndGlobal
